# This file is generated by running "yarn install" inside your project.
# Manual changes might be lost - proceed with caution!

__metadata:
  version: 6
  cacheKey: 8

"@types/node@npm:^18.7.18":
  version: 18.7.18
  resolution: "@types/node@npm:18.7.18"
  checksum: 8aec61f0f96e2a69ce51f1f40f949ca578bbb4fe05d7c0b8ce3aeeb848e90f755837f17f6ac132ca404d974fe9b2974150ad3b4984fc9dc7c3ceddb10bae0167
  languageName: node
  linkType: hard

"typescript@npm:^4.8.3":
  version: 4.8.3
  resolution: "typescript@npm:4.8.3"
  bin:
    tsc: bin/tsc
    tsserver: bin/tsserver
  checksum: 8286a5edcaf3d68e65c451aa1e7150ad1cf53ee0813c07ec35b7abdfdb10f355ecaa13c6a226a694ae7a67785fd7eeebf89f845da0b4f7e4a35561ddc459aba0
  languageName: node
  linkType: hard

"typescript@patch:typescript@^4.8.3#~builtin<compat/typescript>":
  version: 4.8.3
  resolution: "typescript@patch:typescript@npm%3A4.8.3#~builtin<compat/typescript>::version=4.8.3&hash=a1c5e5"
  bin:
    tsc: bin/tsc
    tsserver: bin/tsserver
  checksum: 2222d2382fb3146089b1d27ce2b55e9d1f99cc64118f1aba75809b693b856c5d3c324f052f60c75b577947fc538bc1c27bad0eb76cbdba9a63a253489504ba7e
  languageName: node
  linkType: hard

"yarn-build-cache@workspace:.":
  version: 0.0.0-use.local
  resolution: "yarn-build-cache@workspace:."
  dependencies:
    "@types/node": ^18.7.18
    typescript: ^4.8.3
  languageName: unknown
  linkType: soft
